PODS:
  - Alamofire (5.7.1)
  - Kingfisher (6.3.1)

DEPENDENCIES:
  - Alamofire
  - Kingfisher

SPEC REPOS:
  trunk:
    - Alamofire
    - Kingfisher

SPEC CHECKSUMS:
  Alamofire: 0123a34370cb170936ae79a8df46cc62b2edeb88
  Kingfisher: 016c8b653a35add51dd34a3aba36b580041acc74

PODFILE CHECKSUM: da58ff074b190e4a972a1701ef99a9d85048dda0

COCOAPODS: 1.11.3
